
Microsoft Visual Studio Solution File, Format Version 12.00
# Visual Studio Version 17
VisualStudioVersion = 17.0.31903.59
MinimumVisualStudioVersion = 10.0.40219.1
Project("{FAE04EC0-301F-11D3-BF4B-00C04F79EFBC}") = "Dominio", "Dominio\Dominio.csproj", "{637571D8-2671-49FD-A9BC-E10FDE74747E}"
EndProject
Project("{FAE04EC0-301F-11D3-BF4B-00C04F79EFBC}") = "Persistencia", "Persistencia\Persistencia.csproj", "{824777D4-3DF6-44D4-AC19-7C37DDECCCA8}"
EndProject
Project("{FAE04EC0-301F-11D3-BF4B-00C04F79EFBC}") = "Aplicacion", "Aplicacion\Aplicacion.csproj", "{7D04B238-F324-45DE-9C2F-AD64AAAEABEF}"
EndProject
Project("{FAE04EC0-301F-11D3-BF4B-00C04F79EFBC}") = "WebAPI", "WebAPI\WebAPI.csproj", "{D86AF6D8-0D86-44F6-A2A1-8D1DCD488C42}"
EndProject
Global
	GlobalSection(SolutionConfigurationPlatforms) = preSolution
		Debug|Any CPU = Debug|Any CPU
		Release|Any CPU = Release|Any CPU
	EndGlobalSection
	GlobalSection(SolutionProperties) = preSolution
		HideSolutionNode = FALSE
	EndGlobalSection
	GlobalSection(ProjectConfigurationPlatforms) = postSolution
		{637571D8-2671-49FD-A9BC-E10FDE74747E}.Debug|Any CPU.ActiveCfg = Debug|Any CPU
		{637571D8-2671-49FD-A9BC-E10FDE74747E}.Debug|Any CPU.Build.0 = Debug|Any CPU
		{637571D8-2671-49FD-A9BC-E10FDE74747E}.Release|Any CPU.ActiveCfg = Release|Any CPU
		{637571D8-2671-49FD-A9BC-E10FDE74747E}.Release|Any CPU.Build.0 = Release|Any CPU
		{824777D4-3DF6-44D4-AC19-7C37DDECCCA8}.Debug|Any CPU.ActiveCfg = Debug|Any CPU
		{824777D4-3DF6-44D4-AC19-7C37DDECCCA8}.Debug|Any CPU.Build.0 = Debug|Any CPU
		{824777D4-3DF6-44D4-AC19-7C37DDECCCA8}.Release|Any CPU.ActiveCfg = Release|Any CPU
		{824777D4-3DF6-44D4-AC19-7C37DDECCCA8}.Release|Any CPU.Build.0 = Release|Any CPU
		{7D04B238-F324-45DE-9C2F-AD64AAAEABEF}.Debug|Any CPU.ActiveCfg = Debug|Any CPU
		{7D04B238-F324-45DE-9C2F-AD64AAAEABEF}.Debug|Any CPU.Build.0 = Debug|Any CPU
		{7D04B238-F324-45DE-9C2F-AD64AAAEABEF}.Release|Any CPU.ActiveCfg = Release|Any CPU
		{7D04B238-F324-45DE-9C2F-AD64AAAEABEF}.Release|Any CPU.Build.0 = Release|Any CPU
		{D86AF6D8-0D86-44F6-A2A1-8D1DCD488C42}.Debug|Any CPU.ActiveCfg = Debug|Any CPU
		{D86AF6D8-0D86-44F6-A2A1-8D1DCD488C42}.Debug|Any CPU.Build.0 = Debug|Any CPU
		{D86AF6D8-0D86-44F6-A2A1-8D1DCD488C42}.Release|Any CPU.ActiveCfg = Release|Any CPU
		{D86AF6D8-0D86-44F6-A2A1-8D1DCD488C42}.Release|Any CPU.Build.0 = Release|Any CPU
	EndGlobalSection
EndGlobal
